
Microsoft Visual Studio Solution File, Format Version 12.00
# Visual Studio Version 16
VisualStudioVersion = 16.0.29102.190
MinimumVisualStudioVersion = 10.0.40219.1
Project("{9A19103F-16F7-4668-BE54-9A1E7A4F7556}") = "TrxReporter", "TrxReporter\TrxReporter.csproj", "{75954231-DE57-49DB-B19F-C2C73DA7C6FB}"
EndProject
Global
	GlobalSection(SolutionConfigurationPlatforms) = preSolution
		Debug|Any CPU = Debug|Any CPU
		Release|Any CPU = Release|Any CPU
	EndGlobalSection
	GlobalSection(ProjectConfigurationPlatforms) = postSolution
		{75954231-DE57-49DB-B19F-C2C73DA7C6FB}.Debug|Any CPU.ActiveCfg = Debug|Any CPU
		{75954231-DE57-49DB-B19F-C2C73DA7C6FB}.Debug|Any CPU.Build.0 = Debug|Any CPU
		{75954231-DE57-49DB-B19F-C2C73DA7C6FB}.Release|Any CPU.ActiveCfg = Release|Any CPU
		{75954231-DE57-49DB-B19F-C2C73DA7C6FB}.Release|Any CPU.Build.0 = Release|Any CPU
	EndGlobalSection
	GlobalSection(SolutionProperties) = preSolution
		HideSolutionNode = FALSE
	EndGlobalSection
	GlobalSection(ExtensibilityGlobals) = postSolution
		SolutionGuid = {975FC48C-D4F1-46E0-9690-7BEEF8A3AB45}
	EndGlobalSection
EndGlobal
